
Microsoft Visual Studio Solution File, Format Version 12.00
# Visual Studio Version 16
VisualStudioVersion = 16.0.31729.503
MinimumVisualStudioVersion = 10.0.40219.1
Project("{FAE04EC0-301F-11D3-BF4B-00C04F79EFBC}") = "Gramada_Cosmin_Lab2", "Gramada_Cosmin_Lab2.csproj", "{B91C2CC1-9063-47E4-9A68-887415DC9300}"
EndProject
Global
	GlobalSection(SolutionConfigurationPlatforms) = preSolution
		Debug|Any CPU = Debug|Any CPU
		Release|Any CPU = Release|Any CPU
	EndGlobalSection
	GlobalSection(ProjectConfigurationPlatforms) = postSolution
		{B91C2CC1-9063-47E4-9A68-887415DC9300}.Debug|Any CPU.ActiveCfg = Debug|Any CPU
		{B91C2CC1-9063-47E4-9A68-887415DC9300}.Debug|Any CPU.Build.0 = Debug|Any CPU
		{B91C2CC1-9063-47E4-9A68-887415DC9300}.Release|Any CPU.ActiveCfg = Release|Any CPU
		{B91C2CC1-9063-47E4-9A68-887415DC9300}.Release|Any CPU.Build.0 = Release|Any CPU
	EndGlobalSection
	GlobalSection(SolutionProperties) = preSolution
		HideSolutionNode = FALSE
	EndGlobalSection
	GlobalSection(ExtensibilityGlobals) = postSolution
		SolutionGuid = {B222733B-5C41-46B6-9D0C-B5D3981B5629}
	EndGlobalSection
EndGlobal
